
Microsoft Visual Studio Solution File, Format Version 12.00
# Visual Studio Version 17
VisualStudioVersion = 17.9.34622.214
MinimumVisualStudioVersion = 10.0.40219.1
Project("{8BC9CEB8-8B4A-11D0-8D11-00A0C91BC942}") = "League of Legends Internal", "League of Legends Internal\League of Legends Internal.vcxproj", "{111DC98A-86EB-49A4-A90E-4FEE0E69C45A}"
EndProject
Global
	GlobalSection(SolutionConfigurationPlatforms) = preSolution
		Debug|x64 = Debug|x64
		Debug|x86 = Debug|x86
		Release|x64 = Release|x64
		Release|x86 = Release|x86
	EndGlobalSection
	GlobalSection(ProjectConfigurationPlatforms) = postSolution
		{111DC98A-86EB-49A4-A90E-4FEE0E69C45A}.Debug|x64.ActiveCfg = Debug|x64
		{111DC98A-86EB-49A4-A90E-4FEE0E69C45A}.Debug|x64.Build.0 = Debug|x64
		{111DC98A-86EB-49A4-A90E-4FEE0E69C45A}.Debug|x86.ActiveCfg = Debug|Win32
		{111DC98A-86EB-49A4-A90E-4FEE0E69C45A}.Debug|x86.Build.0 = Debug|Win32
		{111DC98A-86EB-49A4-A90E-4FEE0E69C45A}.Release|x64.ActiveCfg = Release|x64
		{111DC98A-86EB-49A4-A90E-4FEE0E69C45A}.Release|x64.Build.0 = Release|x64
		{111DC98A-86EB-49A4-A90E-4FEE0E69C45A}.Release|x86.ActiveCfg = Release|Win32
		{111DC98A-86EB-49A4-A90E-4FEE0E69C45A}.Release|x86.Build.0 = Release|Win32
	EndGlobalSection
	GlobalSection(SolutionProperties) = preSolution
		HideSolutionNode = FALSE
	EndGlobalSection
	GlobalSection(ExtensibilityGlobals) = postSolution
		SolutionGuid = {1EF0B744-122F-46CA-A128-6479A271E6A1}
	EndGlobalSection
EndGlobal
